
Microsoft Visual Studio Solution File, Format Version 12.00
# Visual Studio Version 16
VisualStudioVersion = 16.0.31105.61
MinimumVisualStudioVersion = 10.0.40219.1
Project("{9A19103F-16F7-4668-BE54-9A1E7A4F7556}") = "RetroGG.net", "RetroGG.net\RetroGG.net.csproj", "{BCE11AF9-3E36-4D23-A0D9-9AEA76DBCB4F}"
EndProject
Project("{E53339B2-1760-4266-BCC7-CA923CBCF16C}") = "docker-compose", "docker-compose.dcproj", "{962D77F6-5F61-4E07-B95D-1D7BC50C86A5}"
EndProject
Global
	GlobalSection(SolutionConfigurationPlatforms) = preSolution
		Debug|Any CPU = Debug|Any CPU
		Release|Any CPU = Release|Any CPU
	EndGlobalSection
	GlobalSection(ProjectConfigurationPlatforms) = postSolution
		{BCE11AF9-3E36-4D23-A0D9-9AEA76DBCB4F}.Debug|Any CPU.ActiveCfg = Debug|Any CPU
		{BCE11AF9-3E36-4D23-A0D9-9AEA76DBCB4F}.Debug|Any CPU.Build.0 = Debug|Any CPU
		{BCE11AF9-3E36-4D23-A0D9-9AEA76DBCB4F}.Release|Any CPU.ActiveCfg = Release|Any CPU
		{BCE11AF9-3E36-4D23-A0D9-9AEA76DBCB4F}.Release|Any CPU.Build.0 = Release|Any CPU
		{962D77F6-5F61-4E07-B95D-1D7BC50C86A5}.Debug|Any CPU.ActiveCfg = Debug|Any CPU
		{962D77F6-5F61-4E07-B95D-1D7BC50C86A5}.Debug|Any CPU.Build.0 = Debug|Any CPU
		{962D77F6-5F61-4E07-B95D-1D7BC50C86A5}.Release|Any CPU.ActiveCfg = Release|Any CPU
		{962D77F6-5F61-4E07-B95D-1D7BC50C86A5}.Release|Any CPU.Build.0 = Release|Any CPU
	EndGlobalSection
	GlobalSection(SolutionProperties) = preSolution
		HideSolutionNode = FALSE
	EndGlobalSection
	GlobalSection(ExtensibilityGlobals) = postSolution
		SolutionGuid = {4C094CB2-FC07-4F23-8459-80066AEB58AC}
	EndGlobalSection
EndGlobal
